// !$*UTF8*$!
{
	archiveVersion = 1;
	classes = {
	};
	objectVersion = 46;
	objects = {

/* Begin PBXAggregateTarget section */
		8D1F80D847BA46B685C8F4C3 /* ZERO_CHECK */ = {
			isa = PBXAggregateTarget;
			buildConfigurationList = 29808F6539C54B37BB77B0C3 /* Build configuration list for PBXAggregateTarget "ZERO_CHECK" */;
			buildPhases = (
				CD1B8A561D674D03A7AB9653 /* CMake Rules */,
			);
			dependencies = (
			);
			name = ZERO_CHECK;
			productName = ZERO_CHECK;
		};
		A6BA673C969C46C08FEDBFB8 /* ALL_BUILD */ = {
			isa = PBXAggregateTarget;
			buildConfigurationList = FE60AB50D767439F9D7B9C04 /* Build configuration list for PBXAggregateTarget "ALL_BUILD" */;
			buildPhases = (
				360F9A5D226D499CAC0795CA /* CMake Rules */,
			);
			dependencies = (
				6E33F2006B1C40299EF9AE2C /* PBXTargetDependency */,
				6DB16F30AEAC47B3B1A5B8F6 /* PBXTargetDependency */,
			);
			name = ALL_BUILD;
			productName = ALL_BUILD;
		};
/* End PBXAggregateTarget section */

/* Begin PBXBuildFile section */
		4728D4C51F27460A00A99A2F /* UnscentedKalmanFilter.cpp in Sources */ = {isa = PBXBuildFile; fileRef = 4728D4C31F27460A00A99A2F /* UnscentedKalmanFilter.cpp */; };
		4728D4C81F28853500A99A2F /* MeasurementModel.cpp in Sources */ = {isa = PBXBuildFile; fileRef = 4728D4C61F28853500A99A2F /* MeasurementModel.cpp */; };
		4728D4CB1F2886B300A99A2F /* RadarMeasurementModel.cpp in Sources */ = {isa = PBXBuildFile; fileRef = 4728D4C91F2886B300A99A2F /* RadarMeasurementModel.cpp */; };
		4728D4CE1F2889AD00A99A2F /* LaserMeasurementModel.cpp in Sources */ = {isa = PBXBuildFile; fileRef = 4728D4CC1F2889AD00A99A2F /* LaserMeasurementModel.cpp */; };
		4728D4D11F28AFD400A99A2F /* Measurement.cpp in Sources */ = {isa = PBXBuildFile; fileRef = 4728D4CF1F28AFD400A99A2F /* Measurement.cpp */; };
		4728D4D41F28C8D600A99A2F /* KalmanFilterBase.cpp in Sources */ = {isa = PBXBuildFile; fileRef = 4728D4D21F28C8D600A99A2F /* KalmanFilterBase.cpp */; };
		4759AF811F1E352E00370920 /* ExtendedKalmanFilter.cpp in Sources */ = {isa = PBXBuildFile; fileRef = 4759AF7F1F1E352E00370920 /* ExtendedKalmanFilter.cpp */; };
		4759AF841F1E3C3300370920 /* RMSECalculator.cpp in Sources */ = {isa = PBXBuildFile; fileRef = 4759AF821F1E3C3300370920 /* RMSECalculator.cpp */; };
		4759AF8A1F1F4C6D00370920 /* MeasurementPackageFactory.cpp in Sources */ = {isa = PBXBuildFile; fileRef = 4759AF881F1F4C6D00370920 /* MeasurementPackageFactory.cpp */; };
		4759AF991F1F96B300370920 /* WebSocketMessageHandler.cpp in Sources */ = {isa = PBXBuildFile; fileRef = 4759AF971F1F96B300370920 /* WebSocketMessageHandler.cpp */; };
		6C55BD2079DB419CB90A018C /* main.cpp in Sources */ = {isa = PBXBuildFile; fileRef = 0AB75368578E40A793E081ED /* main.cpp */; };
/* End PBXBuildFile section */

/* Begin PBXContainerItemProxy section */
		08727C8A9A774360ABB3BAC9 /* PBXContainerItemProxy */ = {
			isa = PBXContainerItemProxy;
			containerPortal = B20D72F0887D45C4B04CD82E /* Project object */;
			proxyType = 1;
			remoteGlobalIDString = 2A0C46628B9043129E235D3A;
			remoteInfo = ExtendedKF;
		};
		334312F5E7E447BDA3D42885 /* PBXContainerItemProxy */ = {
			isa = PBXContainerItemProxy;
			containerPortal = B20D72F0887D45C4B04CD82E /* Project object */;
			proxyType = 1;
			remoteGlobalIDString = 8D1F80D847BA46B685C8F4C3;
			remoteInfo = ZERO_CHECK;
		};
		D74AD6015DC843819E7F661D /* PBXContainerItemProxy */ = {
			isa = PBXContainerItemProxy;
			containerPortal = B20D72F0887D45C4B04CD82E /* Project object */;
			proxyType = 1;
			remoteGlobalIDString = 8D1F80D847BA46B685C8F4C3;
			remoteInfo = ZERO_CHECK;
		};
/* End PBXContainerItemProxy section */

/* Begin PBXFileReference section */
		0AB75368578E40A793E081ED /* main.cpp */ = {isa = PBXFileReference; explicitFileType = sourcecode.cpp.cpp; fileEncoding = 4; lineEnding = 0; name = main.cpp; path = src/main.cpp; sourceTree = SOURCE_ROOT; xcLanguageSpecificationIdentifier = xcode.lang.cpp; };
		219F9F3B1BE64BE7BF83A2B3 /* CMakeLists.txt */ = {isa = PBXFileReference; explicitFileType = sourcecode.text; fileEncoding = 4; lastKnownFileType = text; path = CMakeLists.txt; sourceTree = SOURCE_ROOT; };
		4728D4C31F27460A00A99A2F /* UnscentedKalmanFilter.cpp */ = {isa = PBXFileReference; fileEncoding = 4; lastKnownFileType = sourcecode.cpp.cpp; name = UnscentedKalmanFilter.cpp; path = src/UnscentedKalmanFilter.cpp; sourceTree = "<group>"; };
		4728D4C41F27460A00A99A2F /* UnscentedKalmanFilter.hpp */ = {isa = PBXFileReference; fileEncoding = 4; lastKnownFileType = sourcecode.cpp.h; name = UnscentedKalmanFilter.hpp; path = src/UnscentedKalmanFilter.hpp; sourceTree = "<group>"; };
		4728D4C61F28853500A99A2F /* MeasurementModel.cpp */ = {isa = PBXFileReference; fileEncoding = 4; lastKnownFileType = sourcecode.cpp.cpp; name = MeasurementModel.cpp; path = src/MeasurementModel.cpp; sourceTree = "<group>"; };
		4728D4C71F28853500A99A2F /* MeasurementModel.hpp */ = {isa = PBXFileReference; fileEncoding = 4; lastKnownFileType = sourcecode.cpp.h; name = MeasurementModel.hpp; path = src/MeasurementModel.hpp; sourceTree = "<group>"; };
		4728D4C91F2886B300A99A2F /* RadarMeasurementModel.cpp */ = {isa = PBXFileReference; fileEncoding = 4; lastKnownFileType = sourcecode.cpp.cpp; name = RadarMeasurementModel.cpp; path = src/RadarMeasurementModel.cpp; sourceTree = "<group>"; };
		4728D4CA1F2886B300A99A2F /* RadarMeasurementModel.hpp */ = {isa = PBXFileReference; fileEncoding = 4; lastKnownFileType = sourcecode.cpp.h; name = RadarMeasurementModel.hpp; path = src/RadarMeasurementModel.hpp; sourceTree = "<group>"; };
		4728D4CC1F2889AD00A99A2F /* LaserMeasurementModel.cpp */ = {isa = PBXFileReference; fileEncoding = 4; lastKnownFileType = sourcecode.cpp.cpp; name = LaserMeasurementModel.cpp; path = src/LaserMeasurementModel.cpp; sourceTree = "<group>"; };
		4728D4CD1F2889AD00A99A2F /* LaserMeasurementModel.hpp */ = {isa = PBXFileReference; fileEncoding = 4; lastKnownFileType = sourcecode.cpp.h; name = LaserMeasurementModel.hpp; path = src/LaserMeasurementModel.hpp; sourceTree = "<group>"; };
		4728D4CF1F28AFD400A99A2F /* Measurement.cpp */ = {isa = PBXFileReference; fileEncoding = 4; lastKnownFileType = sourcecode.cpp.cpp; name = Measurement.cpp; path = src/Measurement.cpp; sourceTree = "<group>"; };
		4728D4D01F28AFD400A99A2F /* Measurement.hpp */ = {isa = PBXFileReference; fileEncoding = 4; lastKnownFileType = sourcecode.cpp.h; name = Measurement.hpp; path = src/Measurement.hpp; sourceTree = "<group>"; };
		4728D4D21F28C8D600A99A2F /* KalmanFilterBase.cpp */ = {isa = PBXFileReference; fileEncoding = 4; lastKnownFileType = sourcecode.cpp.cpp; name = KalmanFilterBase.cpp; path = src/KalmanFilterBase.cpp; sourceTree = "<group>"; };
		4728D4D31F28C8D600A99A2F /* KalmanFilterBase.hpp */ = {isa = PBXFileReference; fileEncoding = 4; lastKnownFileType = sourcecode.cpp.h; name = KalmanFilterBase.hpp; path = src/KalmanFilterBase.hpp; sourceTree = "<group>"; };
		4759AF7F1F1E352E00370920 /* ExtendedKalmanFilter.cpp */ = {isa = PBXFileReference; fileEncoding = 4; lastKnownFileType = sourcecode.cpp.cpp; lineEnding = 0; name = ExtendedKalmanFilter.cpp; path = src/ExtendedKalmanFilter.cpp; sourceTree = "<group>"; xcLanguageSpecificationIdentifier = xcode.lang.cpp; };
		4759AF801F1E352E00370920 /* ExtendedKalmanFilter.hpp */ = {isa = PBXFileReference; fileEncoding = 4; lastKnownFileType = sourcecode.cpp.h; lineEnding = 0; name = ExtendedKalmanFilter.hpp; path = src/ExtendedKalmanFilter.hpp; sourceTree = "<group>"; xcLanguageSpecificationIdentifier = xcode.lang.cpp; };
		4759AF821F1E3C3300370920 /* RMSECalculator.cpp */ = {isa = PBXFileReference; fileEncoding = 4; lastKnownFileType = sourcecode.cpp.cpp; name = RMSECalculator.cpp; path = src/RMSECalculator.cpp; sourceTree = "<group>"; };
		4759AF831F1E3C3300370920 /* RMSECalculator.hpp */ = {isa = PBXFileReference; fileEncoding = 4; lastKnownFileType = sourcecode.cpp.h; name = RMSECalculator.hpp; path = src/RMSECalculator.hpp; sourceTree = "<group>"; };
		4759AF881F1F4C6D00370920 /* MeasurementPackageFactory.cpp */ = {isa = PBXFileReference; fileEncoding = 4; lastKnownFileType = sourcecode.cpp.cpp; name = MeasurementPackageFactory.cpp; path = src/MeasurementPackageFactory.cpp; sourceTree = "<group>"; };
		4759AF891F1F4C6D00370920 /* MeasurementPackageFactory.hpp */ = {isa = PBXFileReference; fileEncoding = 4; lastKnownFileType = sourcecode.cpp.h; name = MeasurementPackageFactory.hpp; path = src/MeasurementPackageFactory.hpp; sourceTree = "<group>"; };
		4759AF971F1F96B300370920 /* WebSocketMessageHandler.cpp */ = {isa = PBXFileReference; fileEncoding = 4; lastKnownFileType = sourcecode.cpp.cpp; name = WebSocketMessageHandler.cpp; path = src/WebSocketMessageHandler.cpp; sourceTree = "<group>"; };
		4759AF981F1F96B300370920 /* WebSocketMessageHandler.hpp */ = {isa = PBXFileReference; fileEncoding = 4; lastKnownFileType = sourcecode.cpp.h; lineEnding = 0; name = WebSocketMessageHandler.hpp; path = src/WebSocketMessageHandler.hpp; sourceTree = "<group>"; xcLanguageSpecificationIdentifier = xcode.lang.cpp; };
		C48F0F496F51424C9466CCA0 /* CMakeLists.txt */ = {isa = PBXFileReference; explicitFileType = sourcecode.text; fileEncoding = 4; lastKnownFileType = text; path = CMakeLists.txt; sourceTree = SOURCE_ROOT; };
		CA883B86B4F049AD93447141 /* CMakeLists.txt */ = {isa = PBXFileReference; explicitFileType = sourcecode.text; fileEncoding = 4; lastKnownFileType = text; path = CMakeLists.txt; sourceTree = SOURCE_ROOT; };
		DCB5E63264A04A69B174623A /* ExtendedKF */ = {isa = PBXFileReference; explicitFileType = "compiled.mach-o.executable"; path = ExtendedKF; sourceTree = BUILT_PRODUCTS_DIR; };
/* End PBXFileReference section */

/* Begin PBXGroup section */
		136D28640C904294B86D433D /* ALL_BUILD */ = {
			isa = PBXGroup;
			children = (
				B64ED5BF0F5848619F7923E2 /* CMake Rules */,
				219F9F3B1BE64BE7BF83A2B3 /* CMakeLists.txt */,
			);
			name = ALL_BUILD;
			sourceTree = "<group>";
		};
		172971D1463944C6AFA4FB1E /* ExtendedKF */ = {
			isa = PBXGroup;
			children = (
				27AA30759C6A44F99B729F0A /* Source Files */,
				8007FB7275D34905B2AC1B6B /* Header Files */,
				C48F0F496F51424C9466CCA0 /* CMakeLists.txt */,
			);
			name = ExtendedKF;
			sourceTree = "<group>";
		};
		27AA30759C6A44F99B729F0A /* Source Files */ = {
			isa = PBXGroup;
			children = (
				4728D4CC1F2889AD00A99A2F /* LaserMeasurementModel.cpp */,
				4728D4C91F2886B300A99A2F /* RadarMeasurementModel.cpp */,
				4728D4C61F28853500A99A2F /* MeasurementModel.cpp */,
				4728D4C31F27460A00A99A2F /* UnscentedKalmanFilter.cpp */,
				4759AF971F1F96B300370920 /* WebSocketMessageHandler.cpp */,
				4759AF881F1F4C6D00370920 /* MeasurementPackageFactory.cpp */,
				4759AF821F1E3C3300370920 /* RMSECalculator.cpp */,
				4759AF7F1F1E352E00370920 /* ExtendedKalmanFilter.cpp */,
				0AB75368578E40A793E081ED /* main.cpp */,
				4728D4CF1F28AFD400A99A2F /* Measurement.cpp */,
				4728D4D21F28C8D600A99A2F /* KalmanFilterBase.cpp */,
			);
			name = "Source Files";
			sourceTree = "<group>";
		};
		541DEA5A67134E68A40571E5 /* Sources */ = {
			isa = PBXGroup;
			children = (
				172971D1463944C6AFA4FB1E /* ExtendedKF */,
				136D28640C904294B86D433D /* ALL_BUILD */,
				79D8921E28B542A8A8CE1CFD /* ZERO_CHECK */,
			);
			name = Sources;
			sourceTree = "<group>";
		};
		79D8921E28B542A8A8CE1CFD /* ZERO_CHECK */ = {
			isa = PBXGroup;
			children = (
				92D234732ED3490EB0381793 /* CMake Rules */,
				CA883B86B4F049AD93447141 /* CMakeLists.txt */,
			);
			name = ZERO_CHECK;
			sourceTree = "<group>";
		};
		8007FB7275D34905B2AC1B6B /* Header Files */ = {
			isa = PBXGroup;
			children = (
				4728D4CD1F2889AD00A99A2F /* LaserMeasurementModel.hpp */,
				4728D4CA1F2886B300A99A2F /* RadarMeasurementModel.hpp */,
				4728D4C71F28853500A99A2F /* MeasurementModel.hpp */,
				4728D4C41F27460A00A99A2F /* UnscentedKalmanFilter.hpp */,
				4759AF981F1F96B300370920 /* WebSocketMessageHandler.hpp */,
				4759AF891F1F4C6D00370920 /* MeasurementPackageFactory.hpp */,
				4759AF831F1E3C3300370920 /* RMSECalculator.hpp */,
				4759AF801F1E352E00370920 /* ExtendedKalmanFilter.hpp */,
				4728D4D01F28AFD400A99A2F /* Measurement.hpp */,
				4728D4D31F28C8D600A99A2F /* KalmanFilterBase.hpp */,
			);
			name = "Header Files";
			sourceTree = "<group>";
		};
		92D234732ED3490EB0381793 /* CMake Rules */ = {
			isa = PBXGroup;
			children = (
			);
			name = "CMake Rules";
			sourceTree = "<group>";
		};
		A3A66D50A2264F138946531A /* Resources */ = {
			isa = PBXGroup;
			children = (
			);
			name = Resources;
			sourceTree = "<group>";
		};
		B64ED5BF0F5848619F7923E2 /* CMake Rules */ = {
			isa = PBXGroup;
			children = (
			);
			name = "CMake Rules";
			sourceTree = "<group>";
		};
		F0023D7C8E7642A2A72F7BDC = {
			isa = PBXGroup;
			children = (
				541DEA5A67134E68A40571E5 /* Sources */,
				A3A66D50A2264F138946531A /* Resources */,
				FEF7FD82812E44578C354FBC /* Products */,
			);
			sourceTree = "<group>";
		};
		FEF7FD82812E44578C354FBC /* Products */ = {
			isa = PBXGroup;
			children = (
				DCB5E63264A04A69B174623A /* ExtendedKF */,
			);
			name = Products;
			sourceTree = "<group>";
		};
/* End PBXGroup section */

/* Begin PBXNativeTarget section */
		2A0C46628B9043129E235D3A /* ExtendedKF */ = {
			isa = PBXNativeTarget;
			buildConfigurationList = 6EDE47FAD7DF4F839A74D765 /* Build configuration list for PBXNativeTarget "ExtendedKF" */;
			buildPhases = (
				F5EAFA23A54D47778FCEC368 /* Sources */,
			);
			buildRules = (
			);
			dependencies = (
				DE99AE4EC5224D15A72A97D5 /* PBXTargetDependency */,
			);
			name = ExtendedKF;
			productName = ExtendedKF;
			productReference = DCB5E63264A04A69B174623A /* ExtendedKF */;
			productType = "com.apple.product-type.tool";
		};
/* End PBXNativeTarget section */

/* Begin PBXProject section */
		B20D72F0887D45C4B04CD82E /* Project object */ = {
			isa = PBXProject;
			attributes = {
				BuildIndependentTargetsInParallel = YES;
				LastUpgradeCheck = 0830;
			};
			buildConfigurationList = 7397B95C72CE45E48F7ADE4C /* Build configuration list for PBXProject "ExtendedKF" */;
			compatibilityVersion = "Xcode 3.2";
			developmentRegion = English;
			hasScannedForEncodings = 0;
			knownRegions = (
				en,
			);
			mainGroup = F0023D7C8E7642A2A72F7BDC;
			projectDirPath = "";
			projectRoot = "";
			targets = (
				A6BA673C969C46C08FEDBFB8 /* ALL_BUILD */,
				2A0C46628B9043129E235D3A /* ExtendedKF */,
				8D1F80D847BA46B685C8F4C3 /* ZERO_CHECK */,
			);
		};
/* End PBXProject section */

/* Begin PBXShellScriptBuildPhase section */
		360F9A5D226D499CAC0795CA /* CMake Rules */ = {
			isa = PBXShellScriptBuildPhase;
			buildActionMask = 2147483647;
			files = (
			);
			name = "CMake Rules";
			runOnlyForDeploymentPostprocessing = 0;
			shellPath = /bin/sh;
			shellScript = "make -C /Users/fs/Documents/Udacity-CarND/CarND-Extended-Kalman-Filter-Project -f /Users/fs/Documents/Udacity-CarND/CarND-Extended-Kalman-Filter-Project/CMakeScripts/ALL_BUILD_cmakeRulesBuildPhase.make$CONFIGURATION all";
			showEnvVarsInLog = 0;
		};
		CD1B8A561D674D03A7AB9653 /* CMake Rules */ = {
			isa = PBXShellScriptBuildPhase;
			buildActionMask = 2147483647;
			files = (
			);
			name = "CMake Rules";
			runOnlyForDeploymentPostprocessing = 0;
			shellPath = /bin/sh;
			shellScript = "make -C /Users/fs/Documents/Udacity-CarND/CarND-Extended-Kalman-Filter-Project -f /Users/fs/Documents/Udacity-CarND/CarND-Extended-Kalman-Filter-Project/CMakeScripts/ZERO_CHECK_cmakeRulesBuildPhase.make$CONFIGURATION all";
			showEnvVarsInLog = 0;
		};
/* End PBXShellScriptBuildPhase section */

/* Begin PBXSourcesBuildPhase section */
		F5EAFA23A54D47778FCEC368 /* Sources */ = {
			isa = PBXSourcesBuildPhase;
			buildActionMask = 2147483647;
			files = (
				4759AF8A1F1F4C6D00370920 /* MeasurementPackageFactory.cpp in Sources */,
				4759AF841F1E3C3300370920 /* RMSECalculator.cpp in Sources */,
				4728D4D41F28C8D600A99A2F /* KalmanFilterBase.cpp in Sources */,
				4728D4D11F28AFD400A99A2F /* Measurement.cpp in Sources */,
				4728D4C51F27460A00A99A2F /* UnscentedKalmanFilter.cpp in Sources */,
				4759AF991F1F96B300370920 /* WebSocketMessageHandler.cpp in Sources */,
				4728D4CE1F2889AD00A99A2F /* LaserMeasurementModel.cpp in Sources */,
				4728D4CB1F2886B300A99A2F /* RadarMeasurementModel.cpp in Sources */,
				4728D4C81F28853500A99A2F /* MeasurementModel.cpp in Sources */,
				4759AF811F1E352E00370920 /* ExtendedKalmanFilter.cpp in Sources */,
				6C55BD2079DB419CB90A018C /* main.cpp in Sources */,
			);
			runOnlyForDeploymentPostprocessing = 0;
		};
/* End PBXSourcesBuildPhase section */

/* Begin PBXTargetDependency section */
		6DB16F30AEAC47B3B1A5B8F6 /* PBXTargetDependency */ = {
			isa = PBXTargetDependency;
			target = 8D1F80D847BA46B685C8F4C3 /* ZERO_CHECK */;
			targetProxy = 334312F5E7E447BDA3D42885 /* PBXContainerItemProxy */;
		};
		6E33F2006B1C40299EF9AE2C /* PBXTargetDependency */ = {
			isa = PBXTargetDependency;
			target = 2A0C46628B9043129E235D3A /* ExtendedKF */;
			targetProxy = 08727C8A9A774360ABB3BAC9 /* PBXContainerItemProxy */;
		};
		DE99AE4EC5224D15A72A97D5 /* PBXTargetDependency */ = {
			isa = PBXTargetDependency;
			target = 8D1F80D847BA46B685C8F4C3 /* ZERO_CHECK */;
			targetProxy = D74AD6015DC843819E7F661D /* PBXContainerItemProxy */;
		};
/* End PBXTargetDependency section */

/* Begin XCBuildConfiguration section */
		02D75EE8BBDE48C18920CF3B /* RelWithDebInfo */ = {
			isa = XCBuildConfiguration;
			buildSettings = {
				COMBINE_HIDPI_IMAGES = YES;
				GCC_GENERATE_DEBUGGING_SYMBOLS = YES;
				GCC_INLINES_ARE_PRIVATE_EXTERN = NO;
				GCC_OPTIMIZATION_LEVEL = 0;
				GCC_PREPROCESSOR_DEFINITIONS = "'CMAKE_INTDIR=\"$(CONFIGURATION)$(EFFECTIVE_PLATFORM_NAME)\"'";
				GCC_SYMBOLS_PRIVATE_EXTERN = NO;
				HEADER_SEARCH_PATHS = (
					/usr/local/include,
					/usr/local/opt/openssl/include,
				);
				INSTALL_PATH = "";
				OTHER_LDFLAGS = " ";
				OTHER_REZFLAGS = "";
				PRODUCT_NAME = ALL_BUILD;
				SECTORDER_FLAGS = "";
				SYMROOT = "/Users/fs/Documents/Udacity-CarND/CarND-Extended-Kalman-Filter-Project";
				USE_HEADERMAP = NO;
				WARNING_CFLAGS = (
					"-Wmost",
					"-Wno-four-char-constants",
					"-Wno-unknown-pragmas",
					"$(inherited)",
				);
			};
			name = RelWithDebInfo;
		};
		1D3418C7F4334F2F92B60B80 /* Release */ = {
			isa = XCBuildConfiguration;
			buildSettings = {
				COMBINE_HIDPI_IMAGES = YES;
				GCC_GENERATE_DEBUGGING_SYMBOLS = YES;
				GCC_INLINES_ARE_PRIVATE_EXTERN = NO;
				GCC_OPTIMIZATION_LEVEL = 0;
				GCC_PREPROCESSOR_DEFINITIONS = "'CMAKE_INTDIR=\"$(CONFIGURATION)$(EFFECTIVE_PLATFORM_NAME)\"'";
				GCC_SYMBOLS_PRIVATE_EXTERN = NO;
				HEADER_SEARCH_PATHS = (
					/usr/local/include,
					/usr/local/opt/openssl/include,
				);
				INSTALL_PATH = "";
				OTHER_LDFLAGS = " ";
				OTHER_REZFLAGS = "";
				PRODUCT_NAME = ZERO_CHECK;
				SECTORDER_FLAGS = "";
				SYMROOT = "/Users/fs/Documents/Udacity-CarND/CarND-Extended-Kalman-Filter-Project";
				USE_HEADERMAP = NO;
				WARNING_CFLAGS = (
					"-Wmost",
					"-Wno-four-char-constants",
					"-Wno-unknown-pragmas",
					"$(inherited)",
				);
			};
			name = Release;
		};
		26D0F88A7975414AA9114ED7 /* MinSizeRel */ = {
			isa = XCBuildConfiguration;
			buildSettings = {
				COMBINE_HIDPI_IMAGES = YES;
				GCC_GENERATE_DEBUGGING_SYMBOLS = YES;
				GCC_INLINES_ARE_PRIVATE_EXTERN = NO;
				GCC_OPTIMIZATION_LEVEL = 0;
				GCC_PREPROCESSOR_DEFINITIONS = "'CMAKE_INTDIR=\"$(CONFIGURATION)$(EFFECTIVE_PLATFORM_NAME)\"'";
				GCC_SYMBOLS_PRIVATE_EXTERN = NO;
				HEADER_SEARCH_PATHS = (
					/usr/local/include,
					/usr/local/opt/openssl/include,
				);
				INSTALL_PATH = "";
				OTHER_LDFLAGS = " ";
				OTHER_REZFLAGS = "";
				PRODUCT_NAME = ALL_BUILD;
				SECTORDER_FLAGS = "";
				SYMROOT = "/Users/fs/Documents/Udacity-CarND/CarND-Extended-Kalman-Filter-Project";
				USE_HEADERMAP = NO;
				WARNING_CFLAGS = (
					"-Wmost",
					"-Wno-four-char-constants",
					"-Wno-unknown-pragmas",
					"$(inherited)",
				);
			};
			name = MinSizeRel;
		};
		3C14A0EA15EB4369AA58E341 /* Release */ = {
			isa = XCBuildConfiguration;
			buildSettings = {
				ONLY_ACTIVE_ARCH = YES;
				SDKROOT = /Applications/Xcode.app/Contents/Developer/Platforms/MacOSX.platform/Developer/SDKs/MacOSX10.12.sdk;
				SYMROOT = "/Users/fs/Documents/Udacity-CarND/CarND-Extended-Kalman-Filter-Project/build";
			};
			name = Release;
		};
		3D11B072720F433BAA46678E /* RelWithDebInfo */ = {
			isa = XCBuildConfiguration;
			buildSettings = {
				COMBINE_HIDPI_IMAGES = YES;
				GCC_GENERATE_DEBUGGING_SYMBOLS = YES;
				GCC_INLINES_ARE_PRIVATE_EXTERN = NO;
				GCC_OPTIMIZATION_LEVEL = 0;
				GCC_PREPROCESSOR_DEFINITIONS = "'CMAKE_INTDIR=\"$(CONFIGURATION)$(EFFECTIVE_PLATFORM_NAME)\"'";
				GCC_SYMBOLS_PRIVATE_EXTERN = NO;
				HEADER_SEARCH_PATHS = (
					/usr/local/include,
					/usr/local/opt/openssl/include,
				);
				INSTALL_PATH = "";
				OTHER_LDFLAGS = " ";
				OTHER_REZFLAGS = "";
				PRODUCT_NAME = ZERO_CHECK;
				SECTORDER_FLAGS = "";
				SYMROOT = "/Users/fs/Documents/Udacity-CarND/CarND-Extended-Kalman-Filter-Project";
				USE_HEADERMAP = NO;
				WARNING_CFLAGS = (
					"-Wmost",
					"-Wno-four-char-constants",
					"-Wno-unknown-pragmas",
					"$(inherited)",
				);
			};
			name = RelWithDebInfo;
		};
		5ADD40313D8F4467B7932785 /* RelWithDebInfo */ = {
			isa = XCBuildConfiguration;
			buildSettings = {
				ONLY_ACTIVE_ARCH = YES;
				SDKROOT = /Applications/Xcode.app/Contents/Developer/Platforms/MacOSX.platform/Developer/SDKs/MacOSX10.12.sdk;
				SYMROOT = "/Users/fs/Documents/Udacity-CarND/CarND-Extended-Kalman-Filter-Project/build";
			};
			name = RelWithDebInfo;
		};
		5C50FE7FA9C841A8BFA3ED64 /* Debug */ = {
			isa = XCBuildConfiguration;
			buildSettings = {
				COMBINE_HIDPI_IMAGES = YES;
				GCC_GENERATE_DEBUGGING_SYMBOLS = YES;
				GCC_INLINES_ARE_PRIVATE_EXTERN = NO;
				GCC_OPTIMIZATION_LEVEL = 0;
				GCC_PREPROCESSOR_DEFINITIONS = "'CMAKE_INTDIR=\"$(CONFIGURATION)$(EFFECTIVE_PLATFORM_NAME)\"'";
				GCC_SYMBOLS_PRIVATE_EXTERN = NO;
				HEADER_SEARCH_PATHS = (
					/usr/local/include,
					/usr/local/opt/openssl/include,
				);
				INSTALL_PATH = "";
				OTHER_LDFLAGS = " ";
				OTHER_REZFLAGS = "";
				PRODUCT_NAME = ZERO_CHECK;
				SECTORDER_FLAGS = "";
				SYMROOT = "/Users/fs/Documents/Udacity-CarND/CarND-Extended-Kalman-Filter-Project";
				USE_HEADERMAP = NO;
				WARNING_CFLAGS = (
					"-Wmost",
					"-Wno-four-char-constants",
					"-Wno-unknown-pragmas",
					"$(inherited)",
				);
			};
			name = Debug;
		};
		67878DEFDC25481EBF0D3BC3 /* Debug */ = {
			isa = XCBuildConfiguration;
			buildSettings = {
				COMBINE_HIDPI_IMAGES = YES;
				EXECUTABLE_PREFIX = "";
				EXECUTABLE_SUFFIX = "";
				GCC_GENERATE_DEBUGGING_SYMBOLS = YES;
				GCC_INLINES_ARE_PRIVATE_EXTERN = NO;
				GCC_OPTIMIZATION_LEVEL = 0;
				GCC_PREPROCESSOR_DEFINITIONS = "'CMAKE_INTDIR=\"$(CONFIGURATION)$(EFFECTIVE_PLATFORM_NAME)\"'";
				GCC_SYMBOLS_PRIVATE_EXTERN = NO;
				HEADER_SEARCH_PATHS = (
					/usr/local/include,
					/usr/local/opt/openssl/include,
				);
				INSTALL_PATH = "";
				LD_RUNPATH_SEARCH_PATHS = "/usr/local/lib /usr/local/opt/openssl/lib /usr/local/Cellar/libuv/1.11.0/lib";
				LIBRARY_SEARCH_PATHS = (
					"/usr/local/lib/$(CONFIGURATION)$(EFFECTIVE_PLATFORM_NAME)",
					/usr/local/lib,
					"/usr/local/opt/openssl/lib/$(CONFIGURATION)$(EFFECTIVE_PLATFORM_NAME)",
					/usr/local/opt/openssl/lib,
					"/usr/local/Cellar/libuv/1.11.0/lib/$(CONFIGURATION)$(EFFECTIVE_PLATFORM_NAME)",
					/usr/local/Cellar/libuv/1.11.0/lib,
				);
				OTHER_CPLUSPLUSFLAGS = "     -std=c++11";
				OTHER_LDFLAGS = (
					"-Wl,-search_paths_first",
					"-Wl,-headerpad_max_install_names",
					"-lz",
					"-lssl",
					"-luv",
					"-luWS",
				);
				OTHER_REZFLAGS = "";
				PRODUCT_NAME = ExtendedKF;
				SECTORDER_FLAGS = "";
				SYMROOT = "/Users/fs/Documents/Udacity-CarND/CarND-Extended-Kalman-Filter-Project";
				USE_HEADERMAP = NO;
				WARNING_CFLAGS = (
					"-Wmost",
					"-Wno-four-char-constants",
					"-Wno-unknown-pragmas",
					"$(inherited)",
				);
			};
			name = Debug;
		};
		72483B1E776A4ED0ABCC31D4 /* Debug */ = {
			isa = XCBuildConfiguration;
			buildSettings = {
				COMBINE_HIDPI_IMAGES = YES;
				GCC_GENERATE_DEBUGGING_SYMBOLS = YES;
				GCC_INLINES_ARE_PRIVATE_EXTERN = NO;
				GCC_OPTIMIZATION_LEVEL = 0;
				GCC_PREPROCESSOR_DEFINITIONS = "'CMAKE_INTDIR=\"$(CONFIGURATION)$(EFFECTIVE_PLATFORM_NAME)\"'";
				GCC_SYMBOLS_PRIVATE_EXTERN = NO;
				HEADER_SEARCH_PATHS = (
					/usr/local/include,
					/usr/local/opt/openssl/include,
				);
				INSTALL_PATH = "";
				OTHER_LDFLAGS = " ";
				OTHER_REZFLAGS = "";
				PRODUCT_NAME = ALL_BUILD;
				SECTORDER_FLAGS = "";
				SYMROOT = "/Users/fs/Documents/Udacity-CarND/CarND-Extended-Kalman-Filter-Project";
				USE_HEADERMAP = NO;
				WARNING_CFLAGS = (
					"-Wmost",
					"-Wno-four-char-constants",
					"-Wno-unknown-pragmas",
					"$(inherited)",
				);
			};
			name = Debug;
		};
		830EAE11794D472CAAF20B64 /* MinSizeRel */ = {
			isa = XCBuildConfiguration;
			buildSettings = {
				COMBINE_HIDPI_IMAGES = YES;
				EXECUTABLE_PREFIX = "";
				EXECUTABLE_SUFFIX = "";
				GCC_GENERATE_DEBUGGING_SYMBOLS = NO;
				GCC_INLINES_ARE_PRIVATE_EXTERN = NO;
				GCC_OPTIMIZATION_LEVEL = s;
				GCC_PREPROCESSOR_DEFINITIONS = "'CMAKE_INTDIR=\"$(CONFIGURATION)$(EFFECTIVE_PLATFORM_NAME)\"'";
				GCC_SYMBOLS_PRIVATE_EXTERN = NO;
				HEADER_SEARCH_PATHS = (
					/usr/local/include,
					/usr/local/opt/openssl/include,
				);
				INSTALL_PATH = "";
				LD_RUNPATH_SEARCH_PATHS = "/usr/local/lib /usr/local/opt/openssl/lib /usr/local/Cellar/libuv/1.11.0/lib";
				LIBRARY_SEARCH_PATHS = (
					"/usr/local/lib/$(CONFIGURATION)$(EFFECTIVE_PLATFORM_NAME)",
					/usr/local/lib,
					"/usr/local/opt/openssl/lib/$(CONFIGURATION)$(EFFECTIVE_PLATFORM_NAME)",
					/usr/local/opt/openssl/lib,
					"/usr/local/Cellar/libuv/1.11.0/lib/$(CONFIGURATION)$(EFFECTIVE_PLATFORM_NAME)",
					/usr/local/Cellar/libuv/1.11.0/lib,
				);
				OTHER_CPLUSPLUSFLAGS = (
					"-DNDEBUG",
					"-std=c++11",
				);
				OTHER_LDFLAGS = (
					"-Wl,-search_paths_first",
					"-Wl,-headerpad_max_install_names",
					"-lz",
					"-lssl",
					"-luv",
					"-luWS",
				);
				OTHER_REZFLAGS = "";
				PRODUCT_NAME = ExtendedKF;
				SECTORDER_FLAGS = "";
				SYMROOT = "/Users/fs/Documents/Udacity-CarND/CarND-Extended-Kalman-Filter-Project";
				USE_HEADERMAP = NO;
				WARNING_CFLAGS = (
					"-Wmost",
					"-Wno-four-char-constants",
					"-Wno-unknown-pragmas",
					"$(inherited)",
				);
			};
			name = MinSizeRel;
		};
		8CAB2E6A3F1C4D51911932C2 /* MinSizeRel */ = {
			isa = XCBuildConfiguration;
			buildSettings = {
				COMBINE_HIDPI_IMAGES = YES;
				GCC_GENERATE_DEBUGGING_SYMBOLS = YES;
				GCC_INLINES_ARE_PRIVATE_EXTERN = NO;
				GCC_OPTIMIZATION_LEVEL = 0;
				GCC_PREPROCESSOR_DEFINITIONS = "'CMAKE_INTDIR=\"$(CONFIGURATION)$(EFFECTIVE_PLATFORM_NAME)\"'";
				GCC_SYMBOLS_PRIVATE_EXTERN = NO;
				HEADER_SEARCH_PATHS = (
					/usr/local/include,
					/usr/local/opt/openssl/include,
				);
				INSTALL_PATH = "";
				OTHER_LDFLAGS = " ";
				OTHER_REZFLAGS = "";
				PRODUCT_NAME = ZERO_CHECK;
				SECTORDER_FLAGS = "";
				SYMROOT = "/Users/fs/Documents/Udacity-CarND/CarND-Extended-Kalman-Filter-Project";
				USE_HEADERMAP = NO;
				WARNING_CFLAGS = (
					"-Wmost",
					"-Wno-four-char-constants",
					"-Wno-unknown-pragmas",
					"$(inherited)",
				);
			};
			name = MinSizeRel;
		};
		DD43D82D74F04B73BB9EBDC9 /* RelWithDebInfo */ = {
			isa = XCBuildConfiguration;
			buildSettings = {
				COMBINE_HIDPI_IMAGES = YES;
				EXECUTABLE_PREFIX = "";
				EXECUTABLE_SUFFIX = "";
				GCC_GENERATE_DEBUGGING_SYMBOLS = YES;
				GCC_INLINES_ARE_PRIVATE_EXTERN = NO;
				GCC_OPTIMIZATION_LEVEL = 2;
				GCC_PREPROCESSOR_DEFINITIONS = "'CMAKE_INTDIR=\"$(CONFIGURATION)$(EFFECTIVE_PLATFORM_NAME)\"'";
				GCC_SYMBOLS_PRIVATE_EXTERN = NO;
				HEADER_SEARCH_PATHS = (
					/usr/local/include,
					/usr/local/opt/openssl/include,
				);
				INSTALL_PATH = "";
				LD_RUNPATH_SEARCH_PATHS = "/usr/local/lib /usr/local/opt/openssl/lib /usr/local/Cellar/libuv/1.11.0/lib";
				LIBRARY_SEARCH_PATHS = (
					"/usr/local/lib/$(CONFIGURATION)$(EFFECTIVE_PLATFORM_NAME)",
					/usr/local/lib,
					"/usr/local/opt/openssl/lib/$(CONFIGURATION)$(EFFECTIVE_PLATFORM_NAME)",
					/usr/local/opt/openssl/lib,
					"/usr/local/Cellar/libuv/1.11.0/lib/$(CONFIGURATION)$(EFFECTIVE_PLATFORM_NAME)",
					/usr/local/Cellar/libuv/1.11.0/lib,
				);
				OTHER_CPLUSPLUSFLAGS = (
					"-DNDEBUG",
					"-std=c++11",
				);
				OTHER_LDFLAGS = (
					"-Wl,-search_paths_first",
					"-Wl,-headerpad_max_install_names",
					"-lz",
					"-lssl",
					"-luv",
					"-luWS",
				);
				OTHER_REZFLAGS = "";
				PRODUCT_NAME = ExtendedKF;
				SECTORDER_FLAGS = "";
				SYMROOT = "/Users/fs/Documents/Udacity-CarND/CarND-Extended-Kalman-Filter-Project";
				USE_HEADERMAP = NO;
				WARNING_CFLAGS = (
					"-Wmost",
					"-Wno-four-char-constants",
					"-Wno-unknown-pragmas",
					"$(inherited)",
				);
			};
			name = RelWithDebInfo;
		};
		E1C7318D605F4927ABEE7D85 /* Release */ = {
			isa = XCBuildConfiguration;
			buildSettings = {
				COMBINE_HIDPI_IMAGES = YES;
				EXECUTABLE_PREFIX = "";
				EXECUTABLE_SUFFIX = "";
				GCC_GENERATE_DEBUGGING_SYMBOLS = NO;
				GCC_INLINES_ARE_PRIVATE_EXTERN = NO;
				GCC_OPTIMIZATION_LEVEL = 3;
				GCC_PREPROCESSOR_DEFINITIONS = "'CMAKE_INTDIR=\"$(CONFIGURATION)$(EFFECTIVE_PLATFORM_NAME)\"'";
				GCC_SYMBOLS_PRIVATE_EXTERN = NO;
				HEADER_SEARCH_PATHS = (
					/usr/local/include,
					/usr/local/opt/openssl/include,
				);
				INSTALL_PATH = "";
				LD_RUNPATH_SEARCH_PATHS = "/usr/local/lib /usr/local/opt/openssl/lib /usr/local/Cellar/libuv/1.11.0/lib";
				LIBRARY_SEARCH_PATHS = (
					"/usr/local/lib/$(CONFIGURATION)$(EFFECTIVE_PLATFORM_NAME)",
					/usr/local/lib,
					"/usr/local/opt/openssl/lib/$(CONFIGURATION)$(EFFECTIVE_PLATFORM_NAME)",
					/usr/local/opt/openssl/lib,
					"/usr/local/Cellar/libuv/1.11.0/lib/$(CONFIGURATION)$(EFFECTIVE_PLATFORM_NAME)",
					/usr/local/Cellar/libuv/1.11.0/lib,
				);
				OTHER_CPLUSPLUSFLAGS = (
					"-DNDEBUG",
					"-std=c++11",
				);
				OTHER_LDFLAGS = (
					"-Wl,-search_paths_first",
					"-Wl,-headerpad_max_install_names",
					"-lz",
					"-lssl",
					"-luv",
					"-luWS",
				);
				OTHER_REZFLAGS = "";
				PRODUCT_NAME = ExtendedKF;
				SECTORDER_FLAGS = "";
				SYMROOT = "/Users/fs/Documents/Udacity-CarND/CarND-Extended-Kalman-Filter-Project";
				USE_HEADERMAP = NO;
				WARNING_CFLAGS = (
					"-Wmost",
					"-Wno-four-char-constants",
					"-Wno-unknown-pragmas",
					"$(inherited)",
				);
			};
			name = Release;
		};
		E81BF7DC2AEE4FBBBD93AE7F /* Release */ = {
			isa = XCBuildConfiguration;
			buildSettings = {
				COMBINE_HIDPI_IMAGES = YES;
				GCC_GENERATE_DEBUGGING_SYMBOLS = YES;
				GCC_INLINES_ARE_PRIVATE_EXTERN = NO;
				GCC_OPTIMIZATION_LEVEL = 0;
				GCC_PREPROCESSOR_DEFINITIONS = "'CMAKE_INTDIR=\"$(CONFIGURATION)$(EFFECTIVE_PLATFORM_NAME)\"'";
				GCC_SYMBOLS_PRIVATE_EXTERN = NO;
				HEADER_SEARCH_PATHS = (
					/usr/local/include,
					/usr/local/opt/openssl/include,
				);
				INSTALL_PATH = "";
				OTHER_LDFLAGS = " ";
				OTHER_REZFLAGS = "";
				PRODUCT_NAME = ALL_BUILD;
				SECTORDER_FLAGS = "";
				SYMROOT = "/Users/fs/Documents/Udacity-CarND/CarND-Extended-Kalman-Filter-Project";
				USE_HEADERMAP = NO;
				WARNING_CFLAGS = (
					"-Wmost",
					"-Wno-four-char-constants",
					"-Wno-unknown-pragmas",
					"$(inherited)",
				);
			};
			name = Release;
		};
		F391EAA09C64482DA5A0FE2A /* Debug */ = {
			isa = XCBuildConfiguration;
			buildSettings = {
				ONLY_ACTIVE_ARCH = YES;
				SDKROOT = /Applications/Xcode.app/Contents/Developer/Platforms/MacOSX.platform/Developer/SDKs/MacOSX10.12.sdk;
				SYMROOT = "/Users/fs/Documents/Udacity-CarND/CarND-Extended-Kalman-Filter-Project/build";
			};
			name = Debug;
		};
		F50236B5835E43029946F365 /* MinSizeRel */ = {
			isa = XCBuildConfiguration;
			buildSettings = {
				ONLY_ACTIVE_ARCH = YES;
				SDKROOT = /Applications/Xcode.app/Contents/Developer/Platforms/MacOSX.platform/Developer/SDKs/MacOSX10.12.sdk;
				SYMROOT = "/Users/fs/Documents/Udacity-CarND/CarND-Extended-Kalman-Filter-Project/build";
			};
			name = MinSizeRel;
		};
/* End XCBuildConfiguration section */

/* Begin XCConfigurationList section */
		29808F6539C54B37BB77B0C3 /* Build configuration list for PBXAggregateTarget "ZERO_CHECK" */ = {
			isa = XCConfigurationList;
			buildConfigurations = (
				5C50FE7FA9C841A8BFA3ED64 /* Debug */,
				1D3418C7F4334F2F92B60B80 /* Release */,
				8CAB2E6A3F1C4D51911932C2 /* MinSizeRel */,
				3D11B072720F433BAA46678E /* RelWithDebInfo */,
			);
			defaultConfigurationIsVisible = 0;
			defaultConfigurationName = Debug;
		};
		6EDE47FAD7DF4F839A74D765 /* Build configuration list for PBXNativeTarget "ExtendedKF" */ = {
			isa = XCConfigurationList;
			buildConfigurations = (
				67878DEFDC25481EBF0D3BC3 /* Debug */,
				E1C7318D605F4927ABEE7D85 /* Release */,
				830EAE11794D472CAAF20B64 /* MinSizeRel */,
				DD43D82D74F04B73BB9EBDC9 /* RelWithDebInfo */,
			);
			defaultConfigurationIsVisible = 0;
			defaultConfigurationName = Debug;
		};
		7397B95C72CE45E48F7ADE4C /* Build configuration list for PBXProject "ExtendedKF" */ = {
			isa = XCConfigurationList;
			buildConfigurations = (
				F391EAA09C64482DA5A0FE2A /* Debug */,
				3C14A0EA15EB4369AA58E341 /* Release */,
				F50236B5835E43029946F365 /* MinSizeRel */,
				5ADD40313D8F4467B7932785 /* RelWithDebInfo */,
			);
			defaultConfigurationIsVisible = 0;
			defaultConfigurationName = Debug;
		};
		FE60AB50D767439F9D7B9C04 /* Build configuration list for PBXAggregateTarget "ALL_BUILD" */ = {
			isa = XCConfigurationList;
			buildConfigurations = (
				72483B1E776A4ED0ABCC31D4 /* Debug */,
				E81BF7DC2AEE4FBBBD93AE7F /* Release */,
				26D0F88A7975414AA9114ED7 /* MinSizeRel */,
				02D75EE8BBDE48C18920CF3B /* RelWithDebInfo */,
			);
			defaultConfigurationIsVisible = 0;
			defaultConfigurationName = Debug;
		};
/* End XCConfigurationList section */
	};
	rootObject = B20D72F0887D45C4B04CD82E /* Project object */;
}
